
Microsoft Visual Studio Solution File, Format Version 12.00
# Visual Studio Version 17
VisualStudioVersion = 17.14.36414.22
MinimumVisualStudioVersion = 10.0.40219.1
Project("{2150E333-8FDC-42A3-9474-1A3956D46DE8}") = "Task0", "Task0", "{02EA681E-C7D8-13C7-8484-4AC65E1B71E8}"
EndProject
Project("{FAE04EC0-301F-11D3-BF4B-00C04F79EFBC}") = "Tyuiu.IvanovIA.Sprint0.Task0.V0.", "Tyuiu.IvanovIA.Sprint0.Task0.V0\Tyuiu.IvanovIA.Sprint0.Task0.V0..csproj", "{F0AB46AF-84EC-4893-B0D9-D3A018B60416}"
EndProject
Project("{2150E333-8FDC-42A3-9474-1A3956D46DE8}") = "Task1", "Task1", "{E33D363C-E6C8-43E1-B5CB-900A288D69F2}"
EndProject
Project("{FAE04EC0-301F-11D3-BF4B-00C04F79EFBC}") = "Tyuiu.IvanovIA.Sprint0.Task1.V0", "Tyuiu.IvanovIA.Sprint0.Task1.V0\Tyuiu.IvanovIA.Sprint0.Task1.V0.csproj", "{26708F4E-E7DE-4352-B4D6-95A606BD1827}"
EndProject
Project("{2150E333-8FDC-42A3-9474-1A3956D46DE8}") = "Task2", "Task2", "{64E247FB-A9C8-4AF4-9446-F4BD2272A55B}"
EndProject
Project("{FAE04EC0-301F-11D3-BF4B-00C04F79EFBC}") = "Tyuiu.IvanovIA.Sprint0.Task2.V0", "Tyuiu.IvanovIA.Sprint0.Task2.V0\Tyuiu.IvanovIA.Sprint0.Task2.V0.csproj", "{E2FDD406-E56C-4647-AC5D-F12A54B9E203}"
EndProject
Project("{FAE04EC0-301F-11D3-BF4B-00C04F79EFBC}") = "Tyuiu.IvanovIA.Sprint0.Task2.V0.Lib", "Tyuiu.IvanovIA.Sprint0.Task2.V0.Lib\Tyuiu.IvanovIA.Sprint0.Task2.V0.Lib.csproj", "{BD394B7C-CA1B-4DE6-A3AB-42BA176DDF21}"
EndProject
Project("{FAE04EC0-301F-11D3-BF4B-00C04F79EFBC}") = "Tyuiu.IvanovIA.Sprint0.Task2.V0.Test", "Tyuiu.IvanovIA.Sprint0.Task2.V0.Test\Tyuiu.IvanovIA.Sprint0.Task2.V0.Test.csproj", "{0F823382-4CE0-4064-A2DB-10F26F631552}"
EndProject
Project("{2150E333-8FDC-42A3-9474-1A3956D46DE8}") = "Task3", "Task3", "{EA1F903D-A19B-4653-8081-CAF38BCF4107}"
EndProject
Project("{FAE04EC0-301F-11D3-BF4B-00C04F79EFBC}") = "Tyuiu.IvanovIA.Sprint0.Task3.V0.Test", "Tyuiu.IvanovIA.Sprint0.Task3.V0.Test\Tyuiu.IvanovIA.Sprint0.Task3.V0.Test.csproj", "{C3C793BE-E2CA-43EB-8031-557E898EBFF3}"
EndProject
Project("{FAE04EC0-301F-11D3-BF4B-00C04F79EFBC}") = "Tyuiu.IvanovIA.Sprint0.Task3.V0.Lib", "Tyuiu.IvanovIA.Sprint0.Task3.V0.Lib\Tyuiu.IvanovIA.Sprint0.Task3.V0.Lib.csproj", "{1082BB32-CA0E-4B57-86E3-8A55861DB9DD}"
EndProject
Project("{FAE04EC0-301F-11D3-BF4B-00C04F79EFBC}") = "Tyuiu.IvanovIA.Sprint0.Task3.V0", "Tyuiu.IvanovIA.Sprint0.Task3.V0\Tyuiu.IvanovIA.Sprint0.Task3.V0.csproj", "{A82CA379-D98F-48DF-93AA-977589E94D92}"
EndProject
Project("{2150E333-8FDC-42A3-9474-1A3956D46DE8}") = "Task4", "Task4", "{75DCAA4D-8224-41DB-AEB7-29661956A7C0}"
EndProject
Project("{FAE04EC0-301F-11D3-BF4B-00C04F79EFBC}") = "Tyuiu.IvanovIA.Sprint0.Task4.V0", "Tyuiu.IvanovIA.Sprint0.Task4.V0\Tyuiu.IvanovIA.Sprint0.Task4.V0.csproj", "{D4493ABC-E351-4B76-B830-FE1F4723FB5A}"
EndProject
Project("{FAE04EC0-301F-11D3-BF4B-00C04F79EFBC}") = "Tyuiu.IvanovIA.Sprint0.Task4.V0.Lib", "Tyuiu.IvanovIA.Sprint0.Task4.V0.Lib\Tyuiu.IvanovIA.Sprint0.Task4.V0.Lib.csproj", "{8F6AD53C-ABA6-4B19-A3BE-3C3364B2A41B}"
EndProject
Project("{FAE04EC0-301F-11D3-BF4B-00C04F79EFBC}") = "Tyuiu.IvanovIA.Sprint0.Task4.V0.Test", "Tyuiu.IvanovIA.Sprint0.Task4.V0.Test\Tyuiu.IvanovIA.Sprint0.Task4.V0.Test.csproj", "{FFB06B50-3752-4E20-A1B9-D69C7934292F}"
EndProject
Project("{2150E333-8FDC-42A3-9474-1A3956D46DE8}") = "Task5", "Task5", "{31DC3CFF-E75E-4BFB-AEC5-CB54A38D1FE3}"
EndProject
Project("{FAE04EC0-301F-11D3-BF4B-00C04F79EFBC}") = "Tyuiu.IvanovIA.Sprint0.Task5.V0", "Tyuiu.IvanovIA.Sprint0.Task5.V0\Tyuiu.IvanovIA.Sprint0.Task5.V0.csproj", "{46158EBE-D745-44AF-B651-A5BC3ADA381E}"
EndProject
Project("{FAE04EC0-301F-11D3-BF4B-00C04F79EFBC}") = "Tyuiu.IvanovIA.Sprint0.Task5.V0.Lib", "Tyuiu.IvanovIA.Sprint0.Task5.V0.Lib\Tyuiu.IvanovIA.Sprint0.Task5.V0.Lib.csproj", "{0FB75716-C581-4165-8722-8E30881D1575}"
EndProject
Project("{FAE04EC0-301F-11D3-BF4B-00C04F79EFBC}") = "Tyuiu.IvanovIA.Sprint0.Task5.V0.Test", "Tyuiu.IvanovIA.Sprint0.Task5.V0.Test\Tyuiu.IvanovIA.Sprint0.Task5.V0.Test.csproj", "{0833E2CA-2E9C-43D4-A713-003476E9FDBB}"
EndProject
Project("{2150E333-8FDC-42A3-9474-1A3956D46DE8}") = "Task6", "Task6", "{8FCF0672-BB2D-4009-BE9E-16009AD62066}"
EndProject
Project("{FAE04EC0-301F-11D3-BF4B-00C04F79EFBC}") = "Tyuiu.IvanovIA.Sprint0.Task6.V0.Lib", "Tyuiu.IvanovIA.Sprint0.Task6.V0.Lib\Tyuiu.IvanovIA.Sprint0.Task6.V0.Lib.csproj", "{200A3024-DBF9-4EDE-9BEB-5452471AFAC1}"
EndProject
Project("{FAE04EC0-301F-11D3-BF4B-00C04F79EFBC}") = "Tyuiu.IvanovIA.Sprint0.Task6.V0.Test", "Tyuiu.IvanovIA.Sprint0.Task6.V0.Test\Tyuiu.IvanovIA.Sprint0.Task6.V0.Test.csproj", "{3CB54BD6-F4DC-4576-8153-915E56609A49}"
EndProject
Project("{FAE04EC0-301F-11D3-BF4B-00C04F79EFBC}") = "Tyuiu.IvanovIA.Sprint0.Task6.V0", "Tyuiu.IvanovIA.Sprint0.Task6.V0\Tyuiu.IvanovIA.Sprint0.Task6.V0.csproj", "{AA93EDC4-FAB8-4516-BAB0-1E9F0E105656}"
EndProject
Project("{2150E333-8FDC-42A3-9474-1A3956D46DE8}") = "Task7", "Task7", "{72393F8A-7752-414F-AF53-0817308BB674}"
EndProject
Project("{FAE04EC0-301F-11D3-BF4B-00C04F79EFBC}") = "Tyuiu.IvanovIA.Sprint0.Task7.V0", "Tyuiu.IvanovIA.Sprint0.Task7.V0\Tyuiu.IvanovIA.Sprint0.Task7.V0.csproj", "{64DE1B37-AA5A-4C51-8D7B-7D14DE002CC6}"
EndProject
Project("{FAE04EC0-301F-11D3-BF4B-00C04F79EFBC}") = "Tyuiu.IvanovIA.Sprint0.Task7.V0.Test", "Tyuiu.IvanovIA.Sprint0.Task7.V0.Test\Tyuiu.IvanovIA.Sprint0.Task7.V0.Test.csproj", "{4C0A8DF7-B2B1-43A0-A6D8-3443E3D3EA22}"
EndProject
Project("{FAE04EC0-301F-11D3-BF4B-00C04F79EFBC}") = "Tyuiu.IvanovIA.Sprint0.Task7.V0.Lib", "Tyuiu.IvanovIA.Sprint0.Task7.V0.Lib\Tyuiu.IvanovIA.Sprint0.Task7.V0.Lib.csproj", "{6291D896-AC25-4ECD-96BF-A847503876C5}"
EndProject
Global
	GlobalSection(SolutionConfigurationPlatforms) = preSolution
		Debug|Any CPU = Debug|Any CPU
		Release|Any CPU = Release|Any CPU
	EndGlobalSection
	GlobalSection(ProjectConfigurationPlatforms) = postSolution
		{F0AB46AF-84EC-4893-B0D9-D3A018B60416}.Debug|Any CPU.ActiveCfg = Debug|Any CPU
		{F0AB46AF-84EC-4893-B0D9-D3A018B60416}.Debug|Any CPU.Build.0 = Debug|Any CPU
		{F0AB46AF-84EC-4893-B0D9-D3A018B60416}.Release|Any CPU.ActiveCfg = Release|Any CPU
		{F0AB46AF-84EC-4893-B0D9-D3A018B60416}.Release|Any CPU.Build.0 = Release|Any CPU
		{26708F4E-E7DE-4352-B4D6-95A606BD1827}.Debug|Any CPU.ActiveCfg = Debug|Any CPU
		{26708F4E-E7DE-4352-B4D6-95A606BD1827}.Debug|Any CPU.Build.0 = Debug|Any CPU
		{26708F4E-E7DE-4352-B4D6-95A606BD1827}.Release|Any CPU.ActiveCfg = Release|Any CPU
		{26708F4E-E7DE-4352-B4D6-95A606BD1827}.Release|Any CPU.Build.0 = Release|Any CPU
		{E2FDD406-E56C-4647-AC5D-F12A54B9E203}.Debug|Any CPU.ActiveCfg = Debug|Any CPU
		{E2FDD406-E56C-4647-AC5D-F12A54B9E203}.Debug|Any CPU.Build.0 = Debug|Any CPU
		{E2FDD406-E56C-4647-AC5D-F12A54B9E203}.Release|Any CPU.ActiveCfg = Release|Any CPU
		{E2FDD406-E56C-4647-AC5D-F12A54B9E203}.Release|Any CPU.Build.0 = Release|Any CPU
		{BD394B7C-CA1B-4DE6-A3AB-42BA176DDF21}.Debug|Any CPU.ActiveCfg = Debug|Any CPU
		{BD394B7C-CA1B-4DE6-A3AB-42BA176DDF21}.Debug|Any CPU.Build.0 = Debug|Any CPU
		{BD394B7C-CA1B-4DE6-A3AB-42BA176DDF21}.Release|Any CPU.ActiveCfg = Release|Any CPU
		{BD394B7C-CA1B-4DE6-A3AB-42BA176DDF21}.Release|Any CPU.Build.0 = Release|Any CPU
		{0F823382-4CE0-4064-A2DB-10F26F631552}.Debug|Any CPU.ActiveCfg = Debug|Any CPU
		{0F823382-4CE0-4064-A2DB-10F26F631552}.Debug|Any CPU.Build.0 = Debug|Any CPU
		{0F823382-4CE0-4064-A2DB-10F26F631552}.Release|Any CPU.ActiveCfg = Release|Any CPU
		{0F823382-4CE0-4064-A2DB-10F26F631552}.Release|Any CPU.Build.0 = Release|Any CPU
		{C3C793BE-E2CA-43EB-8031-557E898EBFF3}.Debug|Any CPU.ActiveCfg = Debug|Any CPU
		{C3C793BE-E2CA-43EB-8031-557E898EBFF3}.Debug|Any CPU.Build.0 = Debug|Any CPU
		{C3C793BE-E2CA-43EB-8031-557E898EBFF3}.Release|Any CPU.ActiveCfg = Release|Any CPU
		{C3C793BE-E2CA-43EB-8031-557E898EBFF3}.Release|Any CPU.Build.0 = Release|Any CPU
		{1082BB32-CA0E-4B57-86E3-8A55861DB9DD}.Debug|Any CPU.ActiveCfg = Debug|Any CPU
		{1082BB32-CA0E-4B57-86E3-8A55861DB9DD}.Debug|Any CPU.Build.0 = Debug|Any CPU
		{1082BB32-CA0E-4B57-86E3-8A55861DB9DD}.Release|Any CPU.ActiveCfg = Release|Any CPU
		{1082BB32-CA0E-4B57-86E3-8A55861DB9DD}.Release|Any CPU.Build.0 = Release|Any CPU
		{A82CA379-D98F-48DF-93AA-977589E94D92}.Debug|Any CPU.ActiveCfg = Debug|Any CPU
		{A82CA379-D98F-48DF-93AA-977589E94D92}.Debug|Any CPU.Build.0 = Debug|Any CPU
		{A82CA379-D98F-48DF-93AA-977589E94D92}.Release|Any CPU.ActiveCfg = Release|Any CPU
		{A82CA379-D98F-48DF-93AA-977589E94D92}.Release|Any CPU.Build.0 = Release|Any CPU
		{D4493ABC-E351-4B76-B830-FE1F4723FB5A}.Debug|Any CPU.ActiveCfg = Debug|Any CPU
		{D4493ABC-E351-4B76-B830-FE1F4723FB5A}.Debug|Any CPU.Build.0 = Debug|Any CPU
		{D4493ABC-E351-4B76-B830-FE1F4723FB5A}.Release|Any CPU.ActiveCfg = Release|Any CPU
		{D4493ABC-E351-4B76-B830-FE1F4723FB5A}.Release|Any CPU.Build.0 = Release|Any CPU
		{8F6AD53C-ABA6-4B19-A3BE-3C3364B2A41B}.Debug|Any CPU.ActiveCfg = Debug|Any CPU
		{8F6AD53C-ABA6-4B19-A3BE-3C3364B2A41B}.Debug|Any CPU.Build.0 = Debug|Any CPU
		{8F6AD53C-ABA6-4B19-A3BE-3C3364B2A41B}.Release|Any CPU.ActiveCfg = Release|Any CPU
		{8F6AD53C-ABA6-4B19-A3BE-3C3364B2A41B}.Release|Any CPU.Build.0 = Release|Any CPU
		{FFB06B50-3752-4E20-A1B9-D69C7934292F}.Debug|Any CPU.ActiveCfg = Debug|Any CPU
		{FFB06B50-3752-4E20-A1B9-D69C7934292F}.Debug|Any CPU.Build.0 = Debug|Any CPU
		{FFB06B50-3752-4E20-A1B9-D69C7934292F}.Release|Any CPU.ActiveCfg = Release|Any CPU
		{FFB06B50-3752-4E20-A1B9-D69C7934292F}.Release|Any CPU.Build.0 = Release|Any CPU
		{46158EBE-D745-44AF-B651-A5BC3ADA381E}.Debug|Any CPU.ActiveCfg = Debug|Any CPU
		{46158EBE-D745-44AF-B651-A5BC3ADA381E}.Debug|Any CPU.Build.0 = Debug|Any CPU
		{46158EBE-D745-44AF-B651-A5BC3ADA381E}.Release|Any CPU.ActiveCfg = Release|Any CPU
		{46158EBE-D745-44AF-B651-A5BC3ADA381E}.Release|Any CPU.Build.0 = Release|Any CPU
		{0FB75716-C581-4165-8722-8E30881D1575}.Debug|Any CPU.ActiveCfg = Debug|Any CPU
		{0FB75716-C581-4165-8722-8E30881D1575}.Debug|Any CPU.Build.0 = Debug|Any CPU
		{0FB75716-C581-4165-8722-8E30881D1575}.Release|Any CPU.ActiveCfg = Release|Any CPU
		{0FB75716-C581-4165-8722-8E30881D1575}.Release|Any CPU.Build.0 = Release|Any CPU
		{0833E2CA-2E9C-43D4-A713-003476E9FDBB}.Debug|Any CPU.ActiveCfg = Debug|Any CPU
		{0833E2CA-2E9C-43D4-A713-003476E9FDBB}.Debug|Any CPU.Build.0 = Debug|Any CPU
		{0833E2CA-2E9C-43D4-A713-003476E9FDBB}.Release|Any CPU.ActiveCfg = Release|Any CPU
		{0833E2CA-2E9C-43D4-A713-003476E9FDBB}.Release|Any CPU.Build.0 = Release|Any CPU
		{200A3024-DBF9-4EDE-9BEB-5452471AFAC1}.Debug|Any CPU.ActiveCfg = Debug|Any CPU
		{200A3024-DBF9-4EDE-9BEB-5452471AFAC1}.Debug|Any CPU.Build.0 = Debug|Any CPU
		{200A3024-DBF9-4EDE-9BEB-5452471AFAC1}.Release|Any CPU.ActiveCfg = Release|Any CPU
		{200A3024-DBF9-4EDE-9BEB-5452471AFAC1}.Release|Any CPU.Build.0 = Release|Any CPU
		{3CB54BD6-F4DC-4576-8153-915E56609A49}.Debug|Any CPU.ActiveCfg = Debug|Any CPU
		{3CB54BD6-F4DC-4576-8153-915E56609A49}.Debug|Any CPU.Build.0 = Debug|Any CPU
		{3CB54BD6-F4DC-4576-8153-915E56609A49}.Release|Any CPU.ActiveCfg = Release|Any CPU
		{3CB54BD6-F4DC-4576-8153-915E56609A49}.Release|Any CPU.Build.0 = Release|Any CPU
		{AA93EDC4-FAB8-4516-BAB0-1E9F0E105656}.Debug|Any CPU.ActiveCfg = Debug|Any CPU
		{AA93EDC4-FAB8-4516-BAB0-1E9F0E105656}.Debug|Any CPU.Build.0 = Debug|Any CPU
		{AA93EDC4-FAB8-4516-BAB0-1E9F0E105656}.Release|Any CPU.ActiveCfg = Release|Any CPU
		{AA93EDC4-FAB8-4516-BAB0-1E9F0E105656}.Release|Any CPU.Build.0 = Release|Any CPU
		{64DE1B37-AA5A-4C51-8D7B-7D14DE002CC6}.Debug|Any CPU.ActiveCfg = Debug|Any CPU
		{64DE1B37-AA5A-4C51-8D7B-7D14DE002CC6}.Debug|Any CPU.Build.0 = Debug|Any CPU
		{64DE1B37-AA5A-4C51-8D7B-7D14DE002CC6}.Release|Any CPU.ActiveCfg = Release|Any CPU
		{64DE1B37-AA5A-4C51-8D7B-7D14DE002CC6}.Release|Any CPU.Build.0 = Release|Any CPU
		{4C0A8DF7-B2B1-43A0-A6D8-3443E3D3EA22}.Debug|Any CPU.ActiveCfg = Debug|Any CPU
		{4C0A8DF7-B2B1-43A0-A6D8-3443E3D3EA22}.Debug|Any CPU.Build.0 = Debug|Any CPU
		{4C0A8DF7-B2B1-43A0-A6D8-3443E3D3EA22}.Release|Any CPU.ActiveCfg = Release|Any CPU
		{4C0A8DF7-B2B1-43A0-A6D8-3443E3D3EA22}.Release|Any CPU.Build.0 = Release|Any CPU
		{6291D896-AC25-4ECD-96BF-A847503876C5}.Debug|Any CPU.ActiveCfg = Debug|Any CPU
		{6291D896-AC25-4ECD-96BF-A847503876C5}.Debug|Any CPU.Build.0 = Debug|Any CPU
		{6291D896-AC25-4ECD-96BF-A847503876C5}.Release|Any CPU.ActiveCfg = Release|Any CPU
		{6291D896-AC25-4ECD-96BF-A847503876C5}.Release|Any CPU.Build.0 = Release|Any CPU
	EndGlobalSection
	GlobalSection(SolutionProperties) = preSolution
		HideSolutionNode = FALSE
	EndGlobalSection
	GlobalSection(NestedProjects) = preSolution
		{F0AB46AF-84EC-4893-B0D9-D3A018B60416} = {02EA681E-C7D8-13C7-8484-4AC65E1B71E8}
		{26708F4E-E7DE-4352-B4D6-95A606BD1827} = {E33D363C-E6C8-43E1-B5CB-900A288D69F2}
		{E2FDD406-E56C-4647-AC5D-F12A54B9E203} = {64E247FB-A9C8-4AF4-9446-F4BD2272A55B}
		{BD394B7C-CA1B-4DE6-A3AB-42BA176DDF21} = {64E247FB-A9C8-4AF4-9446-F4BD2272A55B}
		{0F823382-4CE0-4064-A2DB-10F26F631552} = {64E247FB-A9C8-4AF4-9446-F4BD2272A55B}
		{C3C793BE-E2CA-43EB-8031-557E898EBFF3} = {EA1F903D-A19B-4653-8081-CAF38BCF4107}
		{1082BB32-CA0E-4B57-86E3-8A55861DB9DD} = {EA1F903D-A19B-4653-8081-CAF38BCF4107}
		{A82CA379-D98F-48DF-93AA-977589E94D92} = {EA1F903D-A19B-4653-8081-CAF38BCF4107}
		{D4493ABC-E351-4B76-B830-FE1F4723FB5A} = {75DCAA4D-8224-41DB-AEB7-29661956A7C0}
		{8F6AD53C-ABA6-4B19-A3BE-3C3364B2A41B} = {75DCAA4D-8224-41DB-AEB7-29661956A7C0}
		{FFB06B50-3752-4E20-A1B9-D69C7934292F} = {75DCAA4D-8224-41DB-AEB7-29661956A7C0}
		{46158EBE-D745-44AF-B651-A5BC3ADA381E} = {31DC3CFF-E75E-4BFB-AEC5-CB54A38D1FE3}
		{0FB75716-C581-4165-8722-8E30881D1575} = {31DC3CFF-E75E-4BFB-AEC5-CB54A38D1FE3}
		{0833E2CA-2E9C-43D4-A713-003476E9FDBB} = {31DC3CFF-E75E-4BFB-AEC5-CB54A38D1FE3}
		{200A3024-DBF9-4EDE-9BEB-5452471AFAC1} = {8FCF0672-BB2D-4009-BE9E-16009AD62066}
		{3CB54BD6-F4DC-4576-8153-915E56609A49} = {8FCF0672-BB2D-4009-BE9E-16009AD62066}
		{AA93EDC4-FAB8-4516-BAB0-1E9F0E105656} = {8FCF0672-BB2D-4009-BE9E-16009AD62066}
		{64DE1B37-AA5A-4C51-8D7B-7D14DE002CC6} = {72393F8A-7752-414F-AF53-0817308BB674}
		{4C0A8DF7-B2B1-43A0-A6D8-3443E3D3EA22} = {72393F8A-7752-414F-AF53-0817308BB674}
		{6291D896-AC25-4ECD-96BF-A847503876C5} = {72393F8A-7752-414F-AF53-0817308BB674}
	EndGlobalSection
	GlobalSection(ExtensibilityGlobals) = postSolution
		SolutionGuid = {0EC5FEC8-CD0D-47DD-9FE4-05543C11251F}
	EndGlobalSection
EndGlobal
